
Microsoft Visual Studio Solution File, Format Version 12.00
# Visual Studio Version 17
VisualStudioVersion = 17.0.31710.8
MinimumVisualStudioVersion = 10.0.40219.1
Project("{9A19103F-16F7-4668-BE54-9A1E7A4F7556}") = "RayTracer", "RayTracer\RayTracer.csproj", "{A32124B6-45D5-41EB-83C9-7129BDF69F74}"
EndProject
Project("{9A19103F-16F7-4668-BE54-9A1E7A4F7556}") = "RayTracer.Test", "RayTracer.Test\RayTracer.Test.csproj", "{BAD08A5D-7A8A-477F-912B-39541D5FBED4}"
	ProjectSection(ProjectDependencies) = postProject
		{A32124B6-45D5-41EB-83C9-7129BDF69F74} = {A32124B6-45D5-41EB-83C9-7129BDF69F74}
	EndProjectSection
EndProject
Project("{2150E333-8FDC-42A3-9474-1A3956D46DE8}") = "Solution Items", "Solution Items", "{70E4E5A4-E5EB-4564-8085-7F88AF90ACAA}"
	ProjectSection(SolutionItems) = preProject
		.gitignore = .gitignore
		README.md = README.md
	EndProjectSection
EndProject
Project("{9A19103F-16F7-4668-BE54-9A1E7A4F7556}") = "SamplerViewer", "SamplerViewer\SamplerViewer.csproj", "{79051173-BF26-4FDC-BBBF-89DBE811ADF6}"
EndProject
Project("{9A19103F-16F7-4668-BE54-9A1E7A4F7556}") = "Viewer", "Viewer\Viewer.csproj", "{4D955D64-9A2A-40BF-8800-1F8C080078AE}"
EndProject
Global
	GlobalSection(SolutionConfigurationPlatforms) = preSolution
		Debug|Any CPU = Debug|Any CPU
		Release|Any CPU = Release|Any CPU
	EndGlobalSection
	GlobalSection(ProjectConfigurationPlatforms) = postSolution
		{A32124B6-45D5-41EB-83C9-7129BDF69F74}.Debug|Any CPU.ActiveCfg = Debug|Any CPU
		{A32124B6-45D5-41EB-83C9-7129BDF69F74}.Debug|Any CPU.Build.0 = Debug|Any CPU
		{A32124B6-45D5-41EB-83C9-7129BDF69F74}.Release|Any CPU.ActiveCfg = Release|Any CPU
		{A32124B6-45D5-41EB-83C9-7129BDF69F74}.Release|Any CPU.Build.0 = Release|Any CPU
		{BAD08A5D-7A8A-477F-912B-39541D5FBED4}.Debug|Any CPU.ActiveCfg = Debug|Any CPU
		{BAD08A5D-7A8A-477F-912B-39541D5FBED4}.Debug|Any CPU.Build.0 = Debug|Any CPU
		{BAD08A5D-7A8A-477F-912B-39541D5FBED4}.Release|Any CPU.ActiveCfg = Release|Any CPU
		{BAD08A5D-7A8A-477F-912B-39541D5FBED4}.Release|Any CPU.Build.0 = Release|Any CPU
		{79051173-BF26-4FDC-BBBF-89DBE811ADF6}.Debug|Any CPU.ActiveCfg = Debug|Any CPU
		{79051173-BF26-4FDC-BBBF-89DBE811ADF6}.Debug|Any CPU.Build.0 = Debug|Any CPU
		{79051173-BF26-4FDC-BBBF-89DBE811ADF6}.Release|Any CPU.ActiveCfg = Release|Any CPU
		{79051173-BF26-4FDC-BBBF-89DBE811ADF6}.Release|Any CPU.Build.0 = Release|Any CPU
		{4D955D64-9A2A-40BF-8800-1F8C080078AE}.Debug|Any CPU.ActiveCfg = Debug|Any CPU
		{4D955D64-9A2A-40BF-8800-1F8C080078AE}.Debug|Any CPU.Build.0 = Debug|Any CPU
		{4D955D64-9A2A-40BF-8800-1F8C080078AE}.Release|Any CPU.ActiveCfg = Release|Any CPU
		{4D955D64-9A2A-40BF-8800-1F8C080078AE}.Release|Any CPU.Build.0 = Release|Any CPU
	EndGlobalSection
	GlobalSection(SolutionProperties) = preSolution
		HideSolutionNode = FALSE
	EndGlobalSection
	GlobalSection(ExtensibilityGlobals) = postSolution
		SolutionGuid = {15093CD1-FE3F-494D-8E16-29D0999CCB48}
	EndGlobalSection
EndGlobal
