
Microsoft Visual Studio Solution File, Format Version 12.00
# Visual Studio Version 17
VisualStudioVersion = 17.0.31521.260
MinimumVisualStudioVersion = 10.0.40219.1
Project("{9A19103F-16F7-4668-BE54-9A1E7A4F7556}") = "RayTracer", "RayTracer\RayTracer.csproj", "{C3A91051-B682-4543-B37D-01F115D6206D}"
EndProject
Project("{FAE04EC0-301F-11D3-BF4B-00C04F79EFBC}") = "RayTracer.Test", "RayTracer.Test\RayTracer.Test.csproj", "{C7495C03-7C23-40F8-ABFF-26C6338BF314}"
	ProjectSection(ProjectDependencies) = postProject
		{C3A91051-B682-4543-B37D-01F115D6206D} = {C3A91051-B682-4543-B37D-01F115D6206D}
	EndProjectSection
EndProject
Project("{2150E333-8FDC-42A3-9474-1A3956D46DE8}") = "Solution Items", "Solution Items", "{BC33F3B7-C290-4632-BDDE-B1A128905A03}"
	ProjectSection(SolutionItems) = preProject
		.gitignore = .gitignore
	EndProjectSection
EndProject
Global
	GlobalSection(SolutionConfigurationPlatforms) = preSolution
		Debug|Any CPU = Debug|Any CPU
		Release|Any CPU = Release|Any CPU
	EndGlobalSection
	GlobalSection(ProjectConfigurationPlatforms) = postSolution
		{C3A91051-B682-4543-B37D-01F115D6206D}.Debug|Any CPU.ActiveCfg = Debug|Any CPU
		{C3A91051-B682-4543-B37D-01F115D6206D}.Debug|Any CPU.Build.0 = Debug|Any CPU
		{C3A91051-B682-4543-B37D-01F115D6206D}.Release|Any CPU.ActiveCfg = Release|Any CPU
		{C3A91051-B682-4543-B37D-01F115D6206D}.Release|Any CPU.Build.0 = Release|Any CPU
		{C7495C03-7C23-40F8-ABFF-26C6338BF314}.Debug|Any CPU.ActiveCfg = Debug|Any CPU
		{C7495C03-7C23-40F8-ABFF-26C6338BF314}.Debug|Any CPU.Build.0 = Debug|Any CPU
		{C7495C03-7C23-40F8-ABFF-26C6338BF314}.Release|Any CPU.ActiveCfg = Release|Any CPU
		{C7495C03-7C23-40F8-ABFF-26C6338BF314}.Release|Any CPU.Build.0 = Release|Any CPU
	EndGlobalSection
	GlobalSection(SolutionProperties) = preSolution
		HideSolutionNode = FALSE
	EndGlobalSection
	GlobalSection(ExtensibilityGlobals) = postSolution
		SolutionGuid = {9C51F5B2-4F2A-481A-A79B-2525917EAEC4}
	EndGlobalSection
EndGlobal
